lockfileVersion: '9.0'

settings:
  autoInstallPeers: true
  excludeLinksFromLockfile: false

importers:

  .:
    dependencies:
      '@vscode/extension-telemetry':
        specifier: ^0.9.0
        version: 0.9.0(tslib@2.8.1)
    devDependencies:
      '@types/node':
        specifier: 20.x
        version: 20.11.24

packages:

  '@microsoft/1ds-core-js@4.0.3':
    resolution: {integrity: sha512-FrxNLVAPsAvD7+l63TlNS/Kodvpct2WulpDSn1dI4Xuy0kF4E2H867kHdwL/iY1Bj3zA3FSy/jvE4+OcDws7ug==}

  '@microsoft/1ds-post-js@4.0.3':
    resolution: {integrity: sha512-uewvmUtXKd7ttypiKQGdYI6i7UUpPkOznLayzIFrJ4r2xnG6jhPjpKRncHFXPQcM4XSWO3yf5PQ3xAbPq9t7ZQ==}

  '@microsoft/applicationinsights-channel-js@3.0.4':
    resolution: {integrity: sha512-6TlfExmErQ8Y+/ChbkyWl+jyt4wg3T6p7lwXDsUCB0LgZmlEWMaCUS0YlT73JCWmE8j7vxW8yUm0lgsgmHns3A==}
    peerDependencies:
      tslib: '*'

  '@microsoft/applicationinsights-common@3.0.4':
    resolution: {integrity: sha512-r5gWaw/K9+tKfuo2GtDiDiKASgOkPOCrKW+wZzFvuR06uuwvWjbVQ6yW/YbnfuhRF5M65ksUiMi0eCMwEOGq7Q==}
    peerDependencies:
      tslib: '*'

  '@microsoft/applicationinsights-core-js@3.0.4':
    resolution: {integrity: sha512-anxy5kEkqBmVoEqJiJzaaXXA0wzqZi9U4zGd05xFJ04lWckP8dG3zyT3+GGdg7rDelqLTNGxndeYoFmDv63u1g==}
    peerDependencies:
      tslib: '*'

  '@microsoft/applicationinsights-shims@3.0.1':
    resolution: {integrity: sha512-DKwboF47H1nb33rSUfjqI6ryX29v+2QWcTrRvcQDA32AZr5Ilkr7whOOSsD1aBzwqX0RJEIP1Z81jfE3NBm/Lg==}

  '@microsoft/applicationinsights-web-basic@3.0.4':
    resolution: {integrity: sha512-KfoxPlLlf0JT12ADb23C5iGye/yFouoMgHEKULxkSQcYY9SsW/8rVrqqvoYKAL+u215CZU2A8Kc8sR3ehEaPCQ==}
    peerDependencies:
      tslib: '*'

  '@microsoft/dynamicproto-js@2.0.2':
    resolution: {integrity: sha512-MB8trWaFREpmb037k/d0bB7T2BP7Ai24w1e1tbz3ASLB0/lwphsq3Nq8S9I5AsI5vs4zAQT+SB5nC5/dLYTiOg==}

  '@nevware21/ts-async@0.3.0':
    resolution: {integrity: sha512-ZUcgUH12LN/F6nzN0cYd0F/rJaMLmXr0EHVTyYfaYmK55bdwE4338uue4UiVoRqHVqNW4KDUrJc49iGogHKeWA==}

  '@nevware21/ts-utils@0.10.1':
    resolution: {integrity: sha512-pMny25NnF2/MJwdqC3Iyjm2pGIXNxni4AROpcqDeWa+td9JMUY4bUS9uU9XW+BoBRqTLUL+WURF9SOd/6OQzRg==}

  '@types/node@20.11.24':
    resolution: {integrity: sha512-Kza43ewS3xoLgCEpQrsT+xRo/EJej1y0kVYGiLFE1NEODXGzTfwiC6tXTLMQskn1X4/Rjlh0MQUvx9W+L9long==}

  '@vscode/extension-telemetry@0.9.0':
    resolution: {integrity: sha512-37RxGHXrs3GoXPgCUKQhghEu0gxs8j27RLjQwwtSf4WhPdJKz8UrqMYzpsXlliQ05zURYmtdGZst9C6+hfWXaQ==}
    engines: {vscode: ^1.75.0}

  tslib@2.8.1:
    resolution: {integrity: sha512-oJFu94HQb+KVduSUQL7wnpmqnfmLsOA/nAh6b6EH0wCEoK0/mPeXU6c3wKDV83MkOuHPRHtSXKKU99IBazS/2w==}

  undici-types@5.26.5:
    resolution: {integrity: sha512-JlCMO+ehdEIKqlFxk6IfVoAUVmgz7cU7zD/h9XZ0qzeosSHmUJVOzSQvvYSYWXkFXC+IfLKSIffhv0sVZup6pA==}

snapshots:

  '@microsoft/1ds-core-js@4.0.3(tslib@2.8.1)':
    dependencies:
      '@microsoft/applicationinsights-core-js': 3.0.4(tslib@2.8.1)
      '@microsoft/applicationinsights-shims': 3.0.1
      '@microsoft/dynamicproto-js': 2.0.2
      '@nevware21/ts-async': 0.3.0
      '@nevware21/ts-utils': 0.10.1
    transitivePeerDependencies:
      - tslib

  '@microsoft/1ds-post-js@4.0.3(tslib@2.8.1)':
    dependencies:
      '@microsoft/1ds-core-js': 4.0.3(tslib@2.8.1)
      '@microsoft/applicationinsights-shims': 3.0.1
      '@microsoft/dynamicproto-js': 2.0.2
      '@nevware21/ts-async': 0.3.0
      '@nevware21/ts-utils': 0.10.1
    transitivePeerDependencies:
      - tslib

  '@microsoft/applicationinsights-channel-js@3.0.4(tslib@2.8.1)':
    dependencies:
      '@microsoft/applicationinsights-common': 3.0.4(tslib@2.8.1)
      '@microsoft/applicationinsights-core-js': 3.0.4(tslib@2.8.1)
      '@microsoft/applicationinsights-shims': 3.0.1
      '@microsoft/dynamicproto-js': 2.0.2
      '@nevware21/ts-async': 0.3.0
      '@nevware21/ts-utils': 0.10.1
      tslib: 2.8.1

  '@microsoft/applicationinsights-common@3.0.4(tslib@2.8.1)':
    dependencies:
      '@microsoft/applicationinsights-core-js': 3.0.4(tslib@2.8.1)
      '@microsoft/applicationinsights-shims': 3.0.1
      '@microsoft/dynamicproto-js': 2.0.2
      '@nevware21/ts-utils': 0.10.1
      tslib: 2.8.1

  '@microsoft/applicationinsights-core-js@3.0.4(tslib@2.8.1)':
    dependencies:
      '@microsoft/applicationinsights-shims': 3.0.1
      '@microsoft/dynamicproto-js': 2.0.2
      '@nevware21/ts-async': 0.3.0
      '@nevware21/ts-utils': 0.10.1
      tslib: 2.8.1

  '@microsoft/applicationinsights-shims@3.0.1':
    dependencies:
      '@nevware21/ts-utils': 0.10.1

  '@microsoft/applicationinsights-web-basic@3.0.4(tslib@2.8.1)':
    dependencies:
      '@microsoft/applicationinsights-channel-js': 3.0.4(tslib@2.8.1)
      '@microsoft/applicationinsights-common': 3.0.4(tslib@2.8.1)
      '@microsoft/applicationinsights-core-js': 3.0.4(tslib@2.8.1)
      '@microsoft/applicationinsights-shims': 3.0.1
      '@microsoft/dynamicproto-js': 2.0.2
      '@nevware21/ts-async': 0.3.0
      '@nevware21/ts-utils': 0.10.1
      tslib: 2.8.1

  '@microsoft/dynamicproto-js@2.0.2':
    dependencies:
      '@nevware21/ts-utils': 0.10.1

  '@nevware21/ts-async@0.3.0':
    dependencies:
      '@nevware21/ts-utils': 0.10.1

  '@nevware21/ts-utils@0.10.1': {}

  '@types/node@20.11.24':
    dependencies:
      undici-types: 5.26.5

  '@vscode/extension-telemetry@0.9.0(tslib@2.8.1)':
    dependencies:
      '@microsoft/1ds-core-js': 4.0.3(tslib@2.8.1)
      '@microsoft/1ds-post-js': 4.0.3(tslib@2.8.1)
      '@microsoft/applicationinsights-web-basic': 3.0.4(tslib@2.8.1)
    transitivePeerDependencies:
      - tslib

  tslib@2.8.1: {}

  undici-types@5.26.5: {}
