lockfileVersion: '9.0'

settings:
  autoInstallPeers: true
  excludeLinksFromLockfile: false

importers:

  .:
    dependencies:
      '@octokit/rest':
        specifier: 19.0.4
        version: 19.0.4
      jsonc-parser:
        specifier: ^3.2.0
        version: 3.2.0
      tunnel:
        specifier: ^0.0.6
        version: 0.0.6
    devDependencies:
      '@types/node':
        specifier: 20.x
        version: 20.11.24

packages:

  '@octokit/auth-token@3.0.4':
    resolution: {integrity: sha512-TWFX7cZF2LXoCvdmJWY7XVPi74aSY0+FfBZNSXEXFkMpjcqsQwDSYVv5FhRFaI0V1ECnwbz4j59T/G+rXNWaIQ==}
    engines: {node: '>= 14'}

  '@octokit/core@4.2.4':
    resolution: {integrity: sha512-rYKilwgzQ7/imScn3M9/pFfUf4I1AZEH3KhyJmtPdE2zfaXAn2mFfUy4FbKewzc2We5y/LlKLj36fWJLKC2SIQ==}
    engines: {node: '>= 14'}

  '@octokit/endpoint@7.0.6':
    resolution: {integrity: sha512-5L4fseVRUsDFGR00tMWD/Trdeeihn999rTMGRMC1G/Ldi1uWlWJzI98H4Iak5DB/RVvQuyMYKqSK/R6mbSOQyg==}
    engines: {node: '>= 14'}

  '@octokit/graphql@5.0.6':
    resolution: {integrity: sha512-Fxyxdy/JH0MnIB5h+UQ3yCoh1FG4kWXfFKkpWqjZHw/p+Kc8Y44Hu/kCgNBT6nU1shNumEchmW/sUO1JuQnPcw==}
    engines: {node: '>= 14'}

  '@octokit/openapi-types@13.13.1':
    resolution: {integrity: sha512-4EuKSk3N95UBWFau3Bz9b3pheQ8jQYbKmBL5+GSuY8YDPDwu03J4BjI+66yNi8aaX/3h1qDpb0mbBkLdr+cfGQ==}

  '@octokit/openapi-types@14.0.0':
    resolution: {integrity: sha512-HNWisMYlR8VCnNurDU6os2ikx0s0VyEjDYHNS/h4cgb8DeOxQ0n72HyinUtdDVxJhFy3FWLGl0DJhfEWk3P5Iw==}

  '@octokit/openapi-types@18.0.0':
    resolution: {integrity: sha512-V8GImKs3TeQRxRtXFpG2wl19V7444NIOTDF24AWuIbmNaNYOQMWRbjcGDXV5B+0n887fgDcuMNOmlul+k+oJtw==}

  '@octokit/plugin-paginate-rest@4.3.1':
    resolution: {integrity: sha512-h8KKxESmSFTcXX409CAxlaOYscEDvN2KGQRsLCGT1NSqRW+D6EXLVQ8vuHhFznS9MuH9QYw1GfsUN30bg8hjVA==}
    engines: {node: '>= 14'}
    peerDependencies:
      '@octokit/core': '>=4'

  '@octokit/plugin-request-log@1.0.4':
    resolution: {integrity: sha512-mLUsMkgP7K/cnFEw07kWqXGF5LKrOkD+lhCrKvPHXWDywAwuDUeDwWBpc69XK3pNX0uKiVt8g5z96PJ6z9xCFA==}
    peerDependencies:
      '@octokit/core': '>=3'

  '@octokit/plugin-rest-endpoint-methods@6.8.1':
    resolution: {integrity: sha512-QrlaTm8Lyc/TbU7BL/8bO49vp+RZ6W3McxxmmQTgYxf2sWkO8ZKuj4dLhPNJD6VCUW1hetCmeIM0m6FTVpDiEg==}
    engines: {node: '>= 14'}
    peerDependencies:
      '@octokit/core': '>=3'

  '@octokit/request-error@3.0.3':
    resolution: {integrity: sha512-crqw3V5Iy2uOU5Np+8M/YexTlT8zxCfI+qu+LxUB7SZpje4Qmx3mub5DfEKSO8Ylyk0aogi6TYdf6kxzh2BguQ==}
    engines: {node: '>= 14'}

  '@octokit/request@6.2.8':
    resolution: {integrity: sha512-ow4+pkVQ+6XVVsekSYBzJC0VTVvh/FCTUUgTsboGq+DTeWdyIFV8WSCdo0RIxk6wSkBTHqIK1mYuY7nOBXOchw==}
    engines: {node: '>= 14'}

  '@octokit/rest@19.0.4':
    resolution: {integrity: sha512-LwG668+6lE8zlSYOfwPj4FxWdv/qFXYBpv79TWIQEpBLKA9D/IMcWsF/U9RGpA3YqMVDiTxpgVpEW3zTFfPFTA==}
    engines: {node: '>= 14'}

  '@octokit/types@7.5.1':
    resolution: {integrity: sha512-Zk4OUMLCSpXNI8KZZn47lVLJSsgMyCimsWWQI5hyjZg7hdYm0kjotaIkbG0Pp8SfU2CofMBzonboTqvzn3FrJA==}

  '@octokit/types@8.2.1':
    resolution: {integrity: sha512-8oWMUji8be66q2B9PmEIUyQm00VPDPun07umUWSaCwxmeaquFBro4Hcc3ruVoDo3zkQyZBlRvhIMEYS3pBhanw==}

  '@octokit/types@9.3.2':
    resolution: {integrity: sha512-D4iHGTdAnEEVsB8fl95m1hiz7D5YiRdQ9b/OEb3BYRVwbLsGHcRVPz+u+BgRLNk0Q0/4iZCBqDN96j2XNxfXrA==}

  '@types/node@20.11.24':
    resolution: {integrity: sha512-Kza43ewS3xoLgCEpQrsT+xRo/EJej1y0kVYGiLFE1NEODXGzTfwiC6tXTLMQskn1X4/Rjlh0MQUvx9W+L9long==}

  before-after-hook@2.2.3:
    resolution: {integrity: sha512-NzUnlZexiaH/46WDhANlyR2bXRopNg4F/zuSA3OpZnllCUgRaOF2znDioDWrmbNVsuZk6l9pMquQB38cfBZwkQ==}

  deprecation@2.3.1:
    resolution: {integrity: sha512-xmHIy4F3scKVwMsQ4WnVaS8bHOx0DmVwRywosKhaILI0ywMDWPtBSku2HNxRvF7jtwDRsoEwYQSfbxj8b7RlJQ==}

  is-plain-object@5.0.0:
    resolution: {integrity: sha512-VRSzKkbMm5jMDoKLbltAkFQ5Qr7VDiTFGXxYFXXowVj387GeGNOCsOH6Msy00SGZ3Fp84b1Naa1psqgcCIEP5Q==}
    engines: {node: '>=0.10.0'}

  jsonc-parser@3.2.0:
    resolution: {integrity: sha512-gfFQZrcTc8CnKXp6Y4/CBT3fTc0OVuDofpre4aEeEpSBPV5X5v4+Vmx+8snU7RLPrNHPKSgLxGo9YuQzz20o+w==}

  node-fetch@2.7.0:
    resolution: {integrity: sha512-c4FRfUm/dbcWZ7U+1Wq0AwCyFL+3nt2bEw05wfxSz+DWpWsitgmSgYmy2dQdWyKC1694ELPqMs/YzUSNozLt8A==}
    engines: {node: 4.x || >=6.0.0}
    peerDependencies:
      encoding: ^0.1.0
    peerDependenciesMeta:
      encoding:
        optional: true

  once@1.4.0:
    resolution: {integrity: sha512-lNaJgI+2Q5URQBkccEKHTQOPaXdUxnZZElQTZY0MFUAuaEqe1E+Nyvgdz/aIyNi6Z9MzO5dv1H8n58/GELp3+w==}

  tr46@0.0.3:
    resolution: {integrity: sha512-N3WMsuqV66lT30CrXNbEjx4GEwlow3v6rr4mCcv6prnfwhS01rkgyFdjPNBYd9br7LpXV1+Emh01fHnq2Gdgrw==}

  tunnel@0.0.6:
    resolution: {integrity: sha512-1h/Lnq9yajKY2PEbBadPXj3VxsDDu844OnaAo52UVmIzIvwwtBPIuNvkjuzBlTWpfJyUbG3ez0KSBibQkj4ojg==}
    engines: {node: '>=0.6.11 <=0.7.0 || >=0.7.3'}

  undici-types@5.26.5:
    resolution: {integrity: sha512-JlCMO+ehdEIKqlFxk6IfVoAUVmgz7cU7zD/h9XZ0qzeosSHmUJVOzSQvvYSYWXkFXC+IfLKSIffhv0sVZup6pA==}

  universal-user-agent@6.0.0:
    resolution: {integrity: sha512-isyNax3wXoKaulPDZWHQqbmIx1k2tb9fb3GGDBRxCscfYV2Ch7WxPArBsFEG8s/safwXTT7H4QGhaIkTp9447w==}

  webidl-conversions@3.0.1:
    resolution: {integrity: sha512-2JAn3z8AR6rjK8Sm8orRC0h/bcl/DqL7tRPdGZ4I1CjdF+EaMLmYxBHyXuKL849eucPFhvBoxMsflfOb8kxaeQ==}

  whatwg-url@5.0.0:
    resolution: {integrity: sha512-saE57nupxk6v3HY35+jzBwYa0rKSy0XR8JSxZPwgLr7ys0IBzhGviA1/TUGJLmSVqs8pb9AnvICXEuOHLprYTw==}

  wrappy@1.0.2:
    resolution: {integrity: sha512-l4Sp/DRseor9wL6EvV2+TuQn63dMkPjZ/sp9XkghTEbV9KlPS1xUsZ3u7/IQO4wxtcFB4bgpQPRcR3QCvezPcQ==}

snapshots:

  '@octokit/auth-token@3.0.4': {}

  '@octokit/core@4.2.4':
    dependencies:
      '@octokit/auth-token': 3.0.4
      '@octokit/graphql': 5.0.6
      '@octokit/request': 6.2.8
      '@octokit/request-error': 3.0.3
      '@octokit/types': 9.3.2
      before-after-hook: 2.2.3
      universal-user-agent: 6.0.0
    transitivePeerDependencies:
      - encoding

  '@octokit/endpoint@7.0.6':
    dependencies:
      '@octokit/types': 9.3.2
      is-plain-object: 5.0.0
      universal-user-agent: 6.0.0

  '@octokit/graphql@5.0.6':
    dependencies:
      '@octokit/request': 6.2.8
      '@octokit/types': 9.3.2
      universal-user-agent: 6.0.0
    transitivePeerDependencies:
      - encoding

  '@octokit/openapi-types@13.13.1': {}

  '@octokit/openapi-types@14.0.0': {}

  '@octokit/openapi-types@18.0.0': {}

  '@octokit/plugin-paginate-rest@4.3.1(@octokit/core@4.2.4)':
    dependencies:
      '@octokit/core': 4.2.4
      '@octokit/types': 7.5.1

  '@octokit/plugin-request-log@1.0.4(@octokit/core@4.2.4)':
    dependencies:
      '@octokit/core': 4.2.4

  '@octokit/plugin-rest-endpoint-methods@6.8.1(@octokit/core@4.2.4)':
    dependencies:
      '@octokit/core': 4.2.4
      '@octokit/types': 8.2.1
      deprecation: 2.3.1

  '@octokit/request-error@3.0.3':
    dependencies:
      '@octokit/types': 9.3.2
      deprecation: 2.3.1
      once: 1.4.0

  '@octokit/request@6.2.8':
    dependencies:
      '@octokit/endpoint': 7.0.6
      '@octokit/request-error': 3.0.3
      '@octokit/types': 9.3.2
      is-plain-object: 5.0.0
      node-fetch: 2.7.0
      universal-user-agent: 6.0.0
    transitivePeerDependencies:
      - encoding

  '@octokit/rest@19.0.4':
    dependencies:
      '@octokit/core': 4.2.4
      '@octokit/plugin-paginate-rest': 4.3.1(@octokit/core@4.2.4)
      '@octokit/plugin-request-log': 1.0.4(@octokit/core@4.2.4)
      '@octokit/plugin-rest-endpoint-methods': 6.8.1(@octokit/core@4.2.4)
    transitivePeerDependencies:
      - encoding

  '@octokit/types@7.5.1':
    dependencies:
      '@octokit/openapi-types': 13.13.1

  '@octokit/types@8.2.1':
    dependencies:
      '@octokit/openapi-types': 14.0.0

  '@octokit/types@9.3.2':
    dependencies:
      '@octokit/openapi-types': 18.0.0

  '@types/node@20.11.24':
    dependencies:
      undici-types: 5.26.5

  before-after-hook@2.2.3: {}

  deprecation@2.3.1: {}

  is-plain-object@5.0.0: {}

  jsonc-parser@3.2.0: {}

  node-fetch@2.7.0:
    dependencies:
      whatwg-url: 5.0.0

  once@1.4.0:
    dependencies:
      wrappy: 1.0.2

  tr46@0.0.3: {}

  tunnel@0.0.6: {}

  undici-types@5.26.5: {}

  universal-user-agent@6.0.0: {}

  webidl-conversions@3.0.1: {}

  whatwg-url@5.0.0:
    dependencies:
      tr46: 0.0.3
      webidl-conversions: 3.0.1

  wrappy@1.0.2: {}
