lockfileVersion: '9.0'

settings:
  autoInstallPeers: true
  excludeLinksFromLockfile: false

importers:

  .:
    dependencies:
      '@jridgewell/trace-mapping':
        specifier: ^0.3.25
        version: 0.3.25
      ansi-styles:
        specifier: ^5.2.0
        version: 5.2.0
      cockatiel:
        specifier: ^3.1.3
        version: 3.1.3
      istanbul-to-vscode:
        specifier: ^2.0.1
        version: 2.0.1
    devDependencies:
      '@types/mocha':
        specifier: ^10.0.6
        version: 10.0.6
      '@types/node':
        specifier: 20.x
        version: 20.12.11

packages:

  '@jridgewell/resolve-uri@3.1.2':
    resolution: {integrity: sha512-bRISgCIjP20/tbWSPWMEi54QVPRZExkuD9lJL+UIxUKtwVJA8wW1Trb1jMs1RFXo1CBTNZ/5hpC9QvmKWdopKw==}
    engines: {node: '>=6.0.0'}

  '@jridgewell/sourcemap-codec@1.4.15':
    resolution: {integrity: sha512-eF2rxCRulEKXHTRiDrDy6erMYWqNw4LPdQ8UQA4huuxaQsVeRPFl2oM8oDGxMFhJUWZf9McpLtJasDDZb/Bpeg==}

  '@jridgewell/trace-mapping@0.3.25':
    resolution: {integrity: sha512-vNk6aEwybGtawWmy/PzwnGDOjCkLWSD2wqvjGGAgOAwCGWySYXfYoxt00IJkTF+8Lb57DwOb3Aa0o9CApepiYQ==}

  '@types/istanbul-lib-coverage@2.0.6':
    resolution: {integrity: sha512-2QF/t/auWm0lsy8XtKVPG19v3sSOQlJe/YHZgfjb/KBBHOGSV+J2q/S671rcq9uTBrLAXmZpqJiaQbMT+zNU1w==}

  '@types/mocha@10.0.6':
    resolution: {integrity: sha512-dJvrYWxP/UcXm36Qn36fxhUKu8A/xMRXVT2cliFF1Z7UA9liG5Psj3ezNSZw+5puH2czDXRLcXQxf8JbJt0ejg==}

  '@types/node@20.12.11':
    resolution: {integrity: sha512-vDg9PZ/zi+Nqp6boSOT7plNuthRugEKixDv5sFTIpkE89MmNtEArAShI4mxuX2+UrLEe9pxC1vm2cjm9YlWbJw==}

  ansi-styles@5.2.0:
    resolution: {integrity: sha512-Cxwpt2SfTzTtXcfOlzGEee8O+c+MmUgGrNiBcXnuWxuFJHe6a5Hz7qwhwe5OgaSYI0IJvkLqWX1ASG+cJOkEiA==}
    engines: {node: '>=10'}

  cockatiel@3.1.3:
    resolution: {integrity: sha512-xC759TpZ69d7HhfDp8m2WkRwEUiCkxY8Ee2OQH/3H6zmy2D/5Sm+zSTbPRa+V2QyjDtpMvjOIAOVjA2gp6N1kQ==}
    engines: {node: '>=16'}

  istanbul-to-vscode@2.0.1:
    resolution: {integrity: sha512-V9Hhr7kX3UvkvkaT1lK3AmCRPkaIAIogQBrduTpNiLTkp1eVsybnJhWiDSVeCQap/3aGeZ2019oIivhX9MNsCQ==}

  undici-types@5.26.5:
    resolution: {integrity: sha512-JlCMO+ehdEIKqlFxk6IfVoAUVmgz7cU7zD/h9XZ0qzeosSHmUJVOzSQvvYSYWXkFXC+IfLKSIffhv0sVZup6pA==}

snapshots:

  '@jridgewell/resolve-uri@3.1.2': {}

  '@jridgewell/sourcemap-codec@1.4.15': {}

  '@jridgewell/trace-mapping@0.3.25':
    dependencies:
      '@jridgewell/resolve-uri': 3.1.2
      '@jridgewell/sourcemap-codec': 1.4.15

  '@types/istanbul-lib-coverage@2.0.6': {}

  '@types/mocha@10.0.6': {}

  '@types/node@20.12.11':
    dependencies:
      undici-types: 5.26.5

  ansi-styles@5.2.0: {}

  cockatiel@3.1.3: {}

  istanbul-to-vscode@2.0.1:
    dependencies:
      '@types/istanbul-lib-coverage': 2.0.6

  undici-types@5.26.5: {}
